// !$*UTF8*$!
{ archiveVersion = 1; classes = {}; objectVersion = 56; objects = {
6E14E4EEAEDFE93C2DCC7EEE = { isa = PBXFileReference; lastKnownFileType = sourcecode.swift; path = "App/AppLifecycle.swift"; sourceTree = SOURCE_ROOT; };
12D4CF511947DFD9E5F22B35 = { isa = PBXBuildFile; fileRef = 6E14E4EEAEDFE93C2DCC7EEE; };
70A4CDDEF57FD881C3AB2878 = { isa = PBXFileReference; lastKnownFileType = sourcecode.swift; path = "App/AppModel.swift"; sourceTree = SOURCE_ROOT; };
381684D2BF5D02C8AB071AD4 = { isa = PBXBuildFile; fileRef = 70A4CDDEF57FD881C3AB2878; };
C78F8322870F87C95356F9B2 = { isa = PBXFileReference; lastKnownFileType = sourcecode.swift; path = "App/AppShell.swift"; sourceTree = SOURCE_ROOT; };
1D1581943E3DDBCD6FFFBAFB = { isa = PBXBuildFile; fileRef = C78F8322870F87C95356F9B2; };
EA366DD6222679258A79BF9F = { isa = PBXFileReference; lastKnownFileType = sourcecode.swift; path = "App/MaxInterviewCopilotApp.swift"; sourceTree = SOURCE_ROOT; };
1C46514D75A4FB3A3A9A46E7 = { isa = PBXBuildFile; fileRef = EA366DD6222679258A79BF9F; };
98488C0906E68EC9234163AB = { isa = PBXFileReference; lastKnownFileType = sourcecode.swift; path = "Core/DesignSystem/AnswerTextView.swift"; sourceTree = SOURCE_ROOT; };
1B03BA93F85F096F613CDFE0 = { isa = PBXBuildFile; fileRef = 98488C0906E68EC9234163AB; };
84FEAD567D28CFE59D4BDDF3 = { isa = PBXFileReference; lastKnownFileType = sourcecode.swift; path = "Core/DesignSystem/DesignTokens.swift"; sourceTree = SOURCE_ROOT; };
10C7810B811100BDA23A093C = { isa = PBXBuildFile; fileRef = 84FEAD567D28CFE59D4BDDF3; };
17C77B2866BD0540C35DDA93 = { isa = PBXFileReference; lastKnownFileType = sourcecode.swift; path = "Features/Audio/AudioCaptureView.swift"; sourceTree = SOURCE_ROOT; };
396DDB0D5F341BF6B2E3F157 = { isa = PBXBuildFile; fileRef = 17C77B2866BD0540C35DDA93; };
E69E063036EE4B5A4FFE402E = { isa = PBXFileReference; lastKnownFileType = sourcecode.swift; path = "Features/Audio/AudioSessionModel.swift"; sourceTree = SOURCE_ROOT; };
7F27FB4F78233EE39B9A41AD = { isa = PBXBuildFile; fileRef = E69E063036EE4B5A4FFE402E; };
A39807229A52D870750DEDBF = { isa = PBXFileReference; lastKnownFileType = sourcecode.swift; path = "Features/Audio/NativeAudioCapture.swift"; sourceTree = SOURCE_ROOT; };
F03AAEBEC35332FB97823A10 = { isa = PBXBuildFile; fileRef = A39807229A52D870750DEDBF; };
43B74EAE43440A0B7A77495F = { isa = PBXFileReference; lastKnownFileType = sourcecode.swift; path = "Features/Contexts/ContextEditorView.swift"; sourceTree = SOURCE_ROOT; };
5D5324C9CE6B2EBFD43BB400 = { isa = PBXBuildFile; fileRef = 43B74EAE43440A0B7A77495F; };
7DD829F6497D0844DC066E13 = { isa = PBXFileReference; lastKnownFileType = sourcecode.swift; path = "Features/Demo/DemoView.swift"; sourceTree = SOURCE_ROOT; };
436D674F1AF87A86D4F88897 = { isa = PBXBuildFile; fileRef = 7DD829F6497D0844DC066E13; };
B4929FF0F85FC94E12C8AB17 = { isa = PBXFileReference; lastKnownFileType = sourcecode.swift; path = "Features/Meetings/ConversationModel.swift"; sourceTree = SOURCE_ROOT; };
B122B9FBA973654BD9434D64 = { isa = PBXBuildFile; fileRef = B4929FF0F85FC94E12C8AB17; };
5415D67F3E6D08480A7E8840 = { isa = PBXFileReference; lastKnownFileType = sourcecode.swift; path = "Features/Meetings/MeetingsView.swift"; sourceTree = SOURCE_ROOT; };
9D9FB69843FDE4FDB5457958 = { isa = PBXBuildFile; fileRef = 5415D67F3E6D08480A7E8840; };
001A3D4CCFF5237946B7D07D = { isa = PBXFileReference; lastKnownFileType = sourcecode.swift; path = "Features/Notes/NotesModel.swift"; sourceTree = SOURCE_ROOT; };
DB3D58578E18D249319D7EFC = { isa = PBXBuildFile; fileRef = 001A3D4CCFF5237946B7D07D; };
CC371F350BF1341512114585 = { isa = PBXFileReference; lastKnownFileType = sourcecode.swift; path = "Features/Notes/NotesView.swift"; sourceTree = SOURCE_ROOT; };
BAC72955E0036AB073643010 = { isa = PBXBuildFile; fileRef = CC371F350BF1341512114585; };
40727F5A44030C68239FB8EE = { isa = PBXFileReference; lastKnownFileType = sourcecode.swift; path = "Features/Notes/RetrievalSourcesView.swift"; sourceTree = SOURCE_ROOT; };
241A08CDCB71041B35206E49 = { isa = PBXBuildFile; fileRef = 40727F5A44030C68239FB8EE; };
E6EDE8E4B447457B2A10899A = { isa = PBXFileReference; lastKnownFileType = sourcecode.swift; path = "Features/Onboarding/OnboardingView.swift"; sourceTree = SOURCE_ROOT; };
F0D6FA0EC211A2D98EB1E55E = { isa = PBXBuildFile; fileRef = E6EDE8E4B447457B2A10899A; };
D2E08F7068CCDDD12BE88AAB = { isa = PBXFileReference; lastKnownFileType = sourcecode.swift; path = "Features/Overlay/GlobalHotkeyService.swift"; sourceTree = SOURCE_ROOT; };
2B822DF04856FF5CA5626A46 = { isa = PBXBuildFile; fileRef = D2E08F7068CCDDD12BE88AAB; };
68660EE435E2C6B04890004C = { isa = PBXFileReference; lastKnownFileType = sourcecode.swift; path = "Features/Overlay/OverlayController.swift"; sourceTree = SOURCE_ROOT; };
A92FF015783141013A095A33 = { isa = PBXBuildFile; fileRef = 68660EE435E2C6B04890004C; };
B4106757DB4AA1D1720B4E41 = { isa = PBXFileReference; lastKnownFileType = sourcecode.swift; path = "Features/Overlay/OverlayPreferences.swift"; sourceTree = SOURCE_ROOT; };
A35449E9E4D3FDE675F759B0 = { isa = PBXBuildFile; fileRef = B4106757DB4AA1D1720B4E41; };
2C3D1187B31CE06B120D239E = { isa = PBXFileReference; lastKnownFileType = sourcecode.swift; path = "Features/Overlay/OverlaySettingsView.swift"; sourceTree = SOURCE_ROOT; };
8AB5F03B099A3A455C7857E4 = { isa = PBXBuildFile; fileRef = 2C3D1187B31CE06B120D239E; };
9B2FD4F8ADF712FFF0FC8E29 = { isa = PBXFileReference; lastKnownFileType = sourcecode.swift; path = "Features/Overlay/OverlayView.swift"; sourceTree = SOURCE_ROOT; };
0CE302F32625F31766CE0822 = { isa = PBXBuildFile; fileRef = 9B2FD4F8ADF712FFF0FC8E29; };
748928460B2720F965EA746F = { isa = PBXFileReference; lastKnownFileType = sourcecode.swift; path = "Features/QuickActions/QuickActionStore.swift"; sourceTree = SOURCE_ROOT; };
ADB46E980513123FBA42D8B6 = { isa = PBXBuildFile; fileRef = 748928460B2720F965EA746F; };
60F6B0CA45D4FF0854360E93 = { isa = PBXFileReference; lastKnownFileType = sourcecode.swift; path = "Features/QuickActions/QuickActionsView.swift"; sourceTree = SOURCE_ROOT; };
8599FCCEFB1919BF29E6C6A4 = { isa = PBXBuildFile; fileRef = 60F6B0CA45D4FF0854360E93; };
C784BFA5A7ED015BD50E4084 = { isa = PBXFileReference; lastKnownFileType = sourcecode.swift; path = "Features/ScreenCapture/AttachmentPreview.swift"; sourceTree = SOURCE_ROOT; };
82938F8DD51CEC45FA9D92DC = { isa = PBXBuildFile; fileRef = C784BFA5A7ED015BD50E4084; };
976E207163E0EBB9632D1D9F = { isa = PBXFileReference; lastKnownFileType = sourcecode.swift; path = "Features/ScreenCapture/ImagePreparation.swift"; sourceTree = SOURCE_ROOT; };
A5EB64C241B8BA81791AF84D = { isa = PBXBuildFile; fileRef = 976E207163E0EBB9632D1D9F; };
2CC35D6C84E8F718A18DD0F1 = { isa = PBXFileReference; lastKnownFileType = sourcecode.swift; path = "Features/ScreenCapture/NativeScreenCapture.swift"; sourceTree = SOURCE_ROOT; };
3E6F9267CFD349651E679B20 = { isa = PBXBuildFile; fileRef = 2CC35D6C84E8F718A18DD0F1; };
377A41F03EE57ECD71768D0E = { isa = PBXFileReference; lastKnownFileType = sourcecode.swift; path = "Features/ScreenCapture/ScreenshotModel.swift"; sourceTree = SOURCE_ROOT; };
283A6B15853A53830E8E0DC3 = { isa = PBXBuildFile; fileRef = 377A41F03EE57ECD71768D0E; };
A61E3777A5B3E708022BD404 = { isa = PBXFileReference; lastKnownFileType = sourcecode.swift; path = "Features/ScreenCapture/ScreenshotView.swift"; sourceTree = SOURCE_ROOT; };
6B82F9538B6E80A929F0AF4A = { isa = PBXBuildFile; fileRef = A61E3777A5B3E708022BD404; };
E8F349DE0B17E28CD8D48934 = { isa = PBXFileReference; lastKnownFileType = sourcecode.swift; path = "Features/Settings/MacPermissionService.swift"; sourceTree = SOURCE_ROOT; };
76A35D5273A2C14BC761F475 = { isa = PBXBuildFile; fileRef = E8F349DE0B17E28CD8D48934; };
FD2B84E74A329F6384CF2DBF = { isa = PBXFileReference; lastKnownFileType = sourcecode.swift; path = "Features/Settings/ProviderConfigurationView.swift"; sourceTree = SOURCE_ROOT; };
B9E9B3B7E981E846374B9FB3 = { isa = PBXBuildFile; fileRef = FD2B84E74A329F6384CF2DBF; };
F0B15277EBF7CE03CE2A9EAE = { isa = PBXFileReference; lastKnownFileType = sourcecode.swift; path = "Features/Settings/ProviderSettingsModel.swift"; sourceTree = SOURCE_ROOT; };
9E3919C92E954CEF85E87E78 = { isa = PBXBuildFile; fileRef = F0B15277EBF7CE03CE2A9EAE; };
2D1ED86BAA087BA1614394B9 = { isa = PBXFileReference; lastKnownFileType = sourcecode.swift; path = "Features/Settings/SettingsView.swift"; sourceTree = SOURCE_ROOT; };
7E1C175A43DEB3696B7B9101 = { isa = PBXBuildFile; fileRef = 2D1ED86BAA087BA1614394B9; };
78E8D405BAF3E29345036300 = { isa = PBXFileReference; lastKnownFileType = sourcecode.swift; path = "Features/Speech/SpeechModel.swift"; sourceTree = SOURCE_ROOT; };
BEC0875D7CA7B7FEC7F9FC7B = { isa = PBXBuildFile; fileRef = 78E8D405BAF3E29345036300; };
1344BCBA888C93DBA8C86032 = { isa = PBXFileReference; lastKnownFileType = sourcecode.swift; path = "Features/Speech/SpeechViews.swift"; sourceTree = SOURCE_ROOT; };
CCA625037D86DEDCAD964398 = { isa = PBXBuildFile; fileRef = 1344BCBA888C93DBA8C86032; };
C6D53C0F4BEB67054518AEEB = { isa = PBXFileReference; lastKnownFileType = sourcecode.swift; path = "Features/Transcription/TranscriptionModel.swift"; sourceTree = SOURCE_ROOT; };
7E12441584E03130C39B3BAD = { isa = PBXBuildFile; fileRef = C6D53C0F4BEB67054518AEEB; };
1DFAC9A97AA8C8F17FB6DE53 = { isa = PBXFileReference; lastKnownFileType = sourcecode.swift; path = "Features/Transcription/TranscriptionView.swift"; sourceTree = SOURCE_ROOT; };
07B4AB9878AA35EE60A2CB20 = { isa = PBXBuildFile; fileRef = 1DFAC9A97AA8C8F17FB6DE53; };
25D6B11DF571639945A6A659 = { isa = PBXFileReference; lastKnownFileType = sourcecode.swift; path = "Tests/App/AudioSessionTests.swift"; sourceTree = SOURCE_ROOT; };
991CC621AC1460B93C263801 = { isa = PBXBuildFile; fileRef = 25D6B11DF571639945A6A659; };
DEB9711E365B698ACC656085 = { isa = PBXFileReference; lastKnownFileType = sourcecode.swift; path = "Tests/App/ConversationFlowTests.swift"; sourceTree = SOURCE_ROOT; };
F4BE5D29B553F7A5CBFBB668 = { isa = PBXBuildFile; fileRef = DEB9711E365B698ACC656085; };
8C5A51E62F204C5BC9F03BDD = { isa = PBXFileReference; lastKnownFileType = sourcecode.swift; path = "Tests/App/ImagePreparationTests.swift"; sourceTree = SOURCE_ROOT; };
8FE65FA1AF2E47C1E98A54C3 = { isa = PBXBuildFile; fileRef = 8C5A51E62F204C5BC9F03BDD; };
6B60F04DC91C745638249470 = { isa = PBXFileReference; lastKnownFileType = sourcecode.swift; path = "Tests/App/NotesFlowTests.swift"; sourceTree = SOURCE_ROOT; };
FBE83C579C128859E4CF62FF = { isa = PBXBuildFile; fileRef = 6B60F04DC91C745638249470; };
06F8CB36104498EE02BDF4D9 = { isa = PBXFileReference; lastKnownFileType = sourcecode.swift; path = "Tests/App/TranscriptionFlowTests.swift"; sourceTree = SOURCE_ROOT; };
314247A983091E85D45E3768 = { isa = PBXBuildFile; fileRef = 06F8CB36104498EE02BDF4D9; };
9D6F3698E5E94011DED11A07 = { isa = PBXFileReference; lastKnownFileType = sourcecode.swift; path = "Tests/Unit/AnswerDocumentTests.swift"; sourceTree = SOURCE_ROOT; };
72C7D7B30D14D0CB278C650B = { isa = PBXBuildFile; fileRef = 9D6F3698E5E94011DED11A07; };
486017BFF71E75A0F7453DDB = { isa = PBXFileReference; lastKnownFileType = sourcecode.swift; path = "Tests/Unit/AudioContinuityTests.swift"; sourceTree = SOURCE_ROOT; };
828AC5C921AC48240E4635D6 = { isa = PBXBuildFile; fileRef = 486017BFF71E75A0F7453DDB; };
699BD7283553E4966176DC8F = { isa = PBXFileReference; lastKnownFileType = sourcecode.swift; path = "Tests/Unit/CoreTests.swift"; sourceTree = SOURCE_ROOT; };
073168AA1341FA95E9D47F5E = { isa = PBXBuildFile; fileRef = 699BD7283553E4966176DC8F; };
7A3AF9BFA961208C617E9A47 = { isa = PBXFileReference; lastKnownFileType = sourcecode.swift; path = "Tests/Unit/MeetingArchiveTests.swift"; sourceTree = SOURCE_ROOT; };
C3CB339C468949DE9CCEF993 = { isa = PBXBuildFile; fileRef = 7A3AF9BFA961208C617E9A47; };
82DB41D071B3C37BE195B126 = { isa = PBXFileReference; lastKnownFileType = sourcecode.swift; path = "Tests/Unit/QuestionDetectorTests.swift"; sourceTree = SOURCE_ROOT; };
078CF6F11F141A99B1D99139 = { isa = PBXBuildFile; fileRef = 82DB41D071B3C37BE195B126; };
8956677801BA272DE411CEC0 = { isa = PBXFileReference; lastKnownFileType = sourcecode.swift; path = "Tests/Unit/SSEDecoderTests.swift"; sourceTree = SOURCE_ROOT; };
CA67219E97E4BBAEAEF82143 = { isa = PBXBuildFile; fileRef = 8956677801BA272DE411CEC0; };
DCADDA05D65C8F8F272E5F38 = { isa = PBXBuildFile; fileRef = E69E063036EE4B5A4FFE402E; };
246FC6E4F59DD5E86111BE46 = { isa = PBXBuildFile; fileRef = A39807229A52D870750DEDBF; };
E1EBDC8BEEDD227CDD79F25E = { isa = PBXBuildFile; fileRef = B4929FF0F85FC94E12C8AB17; };
D888962F4E572BB0E62A5B4C = { isa = PBXBuildFile; fileRef = 001A3D4CCFF5237946B7D07D; };
163CA51F701D43B7E553F62A = { isa = PBXBuildFile; fileRef = 976E207163E0EBB9632D1D9F; };
E5148E444A2032161BE07267 = { isa = PBXBuildFile; fileRef = 2CC35D6C84E8F718A18DD0F1; };
BA7D54C5CA99DF8625F72C3A = { isa = PBXBuildFile; fileRef = C6D53C0F4BEB67054518AEEB; };
A172CEDCAE47474B615C54D5 = { isa = PBXFileReference; explicitFileType = wrapper.application; path = MaxInterviewCopilot.app; sourceTree = BUILT_PRODUCTS_DIR; };
9F86D081884C7D659A2FEAA0 = { isa = PBXFileReference; explicitFileType = wrapper.cfbundle; path = CopilotCoreTests.xctest; sourceTree = BUILT_PRODUCTS_DIR; };
46610887A7913B54A6B70E7D = { isa = PBXFileReference; lastKnownFileType = folder; path = Resources/Licenses; sourceTree = SOURCE_ROOT; };
0A3E27B8CA818264D75C8D81 = { isa = PBXGroup; children = (A172CEDCAE47474B615C54D5,9F86D081884C7D659A2FEAA0,); name = Products; sourceTree = "<group>"; };
AD936FCBED631FA67E05C3EA = { isa = PBXGroup; children = (6E14E4EEAEDFE93C2DCC7EEE,70A4CDDEF57FD881C3AB2878,C78F8322870F87C95356F9B2,EA366DD6222679258A79BF9F,98488C0906E68EC9234163AB,84FEAD567D28CFE59D4BDDF3,17C77B2866BD0540C35DDA93,E69E063036EE4B5A4FFE402E,A39807229A52D870750DEDBF,43B74EAE43440A0B7A77495F,7DD829F6497D0844DC066E13,B4929FF0F85FC94E12C8AB17,5415D67F3E6D08480A7E8840,001A3D4CCFF5237946B7D07D,CC371F350BF1341512114585,40727F5A44030C68239FB8EE,E6EDE8E4B447457B2A10899A,D2E08F7068CCDDD12BE88AAB,68660EE435E2C6B04890004C,B4106757DB4AA1D1720B4E41,2C3D1187B31CE06B120D239E,9B2FD4F8ADF712FFF0FC8E29,748928460B2720F965EA746F,60F6B0CA45D4FF0854360E93,C784BFA5A7ED015BD50E4084,976E207163E0EBB9632D1D9F,2CC35D6C84E8F718A18DD0F1,377A41F03EE57ECD71768D0E,A61E3777A5B3E708022BD404,E8F349DE0B17E28CD8D48934,FD2B84E74A329F6384CF2DBF,F0B15277EBF7CE03CE2A9EAE,2D1ED86BAA087BA1614394B9,78E8D405BAF3E29345036300,1344BCBA888C93DBA8C86032,C6D53C0F4BEB67054518AEEB,1DFAC9A97AA8C8F17FB6DE53,25D6B11DF571639945A6A659,DEB9711E365B698ACC656085,8C5A51E62F204C5BC9F03BDD,6B60F04DC91C745638249470,06F8CB36104498EE02BDF4D9,9D6F3698E5E94011DED11A07,486017BFF71E75A0F7453DDB,699BD7283553E4966176DC8F,7A3AF9BFA961208C617E9A47,82DB41D071B3C37BE195B126,8956677801BA272DE411CEC0,46610887A7913B54A6B70E7D,0A3E27B8CA818264D75C8D81,); sourceTree = "<group>"; };
BC4A71180870F7945155FBB0 = { isa = XCLocalSwiftPackageReference; relativePath = .; };
4562E1C9D1CD8E5772014881 = { isa = XCSwiftPackageProductDependency; package = BC4A71180870F7945155FBB0; productName = CopilotCore; };
4E267DA4C25AC78DA3E942BD = { isa = PBXBuildFile; productRef = 4562E1C9D1CD8E5772014881; };
5AC4000E378C36FAE3B5BD7B = { isa = PBXSourcesBuildPhase; buildActionMask = 2147483647; files = (12D4CF511947DFD9E5F22B35,381684D2BF5D02C8AB071AD4,1D1581943E3DDBCD6FFFBAFB,1C46514D75A4FB3A3A9A46E7,1B03BA93F85F096F613CDFE0,10C7810B811100BDA23A093C,396DDB0D5F341BF6B2E3F157,7F27FB4F78233EE39B9A41AD,F03AAEBEC35332FB97823A10,5D5324C9CE6B2EBFD43BB400,436D674F1AF87A86D4F88897,B122B9FBA973654BD9434D64,9D9FB69843FDE4FDB5457958,DB3D58578E18D249319D7EFC,BAC72955E0036AB073643010,241A08CDCB71041B35206E49,F0D6FA0EC211A2D98EB1E55E,2B822DF04856FF5CA5626A46,A92FF015783141013A095A33,A35449E9E4D3FDE675F759B0,8AB5F03B099A3A455C7857E4,0CE302F32625F31766CE0822,ADB46E980513123FBA42D8B6,8599FCCEFB1919BF29E6C6A4,82938F8DD51CEC45FA9D92DC,A5EB64C241B8BA81791AF84D,3E6F9267CFD349651E679B20,283A6B15853A53830E8E0DC3,6B82F9538B6E80A929F0AF4A,76A35D5273A2C14BC761F475,B9E9B3B7E981E846374B9FB3,9E3919C92E954CEF85E87E78,7E1C175A43DEB3696B7B9101,BEC0875D7CA7B7FEC7F9FC7B,CCA625037D86DEDCAD964398,7E12441584E03130C39B3BAD,07B4AB9878AA35EE60A2CB20,); runOnlyForDeploymentPostprocessing = 0; };
41E354926FFDB0FB842923B5 = { isa = PBXFrameworksBuildPhase; buildActionMask = 2147483647; files = (4E267DA4C25AC78DA3E942BD,); runOnlyForDeploymentPostprocessing = 0; };
611F855F7354E8D1C8BC833C = { isa = PBXBuildFile; fileRef = 46610887A7913B54A6B70E7D; };
DAB7151652C25D9B83C5FD83 = { isa = PBXResourcesBuildPhase; buildActionMask = 2147483647; files = (611F855F7354E8D1C8BC833C,); runOnlyForDeploymentPostprocessing = 0; };
834208523878C3528B39DFB0 = { isa = XCBuildConfiguration; buildSettings = { SWIFT_VERSION = 6.0; SWIFT_STRICT_CONCURRENCY = complete; SWIFT_TREAT_WARNINGS_AS_ERRORS = YES; MACOSX_DEPLOYMENT_TARGET = 15.0; SDKROOT = macosx; CODE_SIGN_STYLE = Manual; CODE_SIGN_IDENTITY = "-"; PRODUCT_NAME = "$(TARGET_NAME)"; ONLY_ACTIVE_ARCH = YES; SWIFT_OPTIMIZATION_LEVEL = "-Onone"; INFOPLIST_FILE = Resources/Info.plist; PRODUCT_BUNDLE_IDENTIFIER = dev.maxmashevsky.MaxInterviewCopilot; ENABLE_HARDENED_RUNTIME = YES;  }; name = Debug; };
5D95C8EA06937794DEE76139 = { isa = XCBuildConfiguration; buildSettings = { SWIFT_VERSION = 6.0; SWIFT_STRICT_CONCURRENCY = complete; SWIFT_TREAT_WARNINGS_AS_ERRORS = YES; MACOSX_DEPLOYMENT_TARGET = 15.0; SDKROOT = macosx; CODE_SIGN_STYLE = Manual; CODE_SIGN_IDENTITY = "-"; PRODUCT_NAME = "$(TARGET_NAME)"; SWIFT_OPTIMIZATION_LEVEL = "-O"; INFOPLIST_FILE = Resources/Info.plist; PRODUCT_BUNDLE_IDENTIFIER = dev.maxmashevsky.MaxInterviewCopilot; ENABLE_HARDENED_RUNTIME = YES;  }; name = Release; };
F4A8043BAFE3E67B605A2664 = { isa = XCConfigurationList; buildConfigurations = (834208523878C3528B39DFB0,5D95C8EA06937794DEE76139,); defaultConfigurationIsVisible = 0; defaultConfigurationName = Release; };
3B450990FC40F5239C6596BF = { isa = PBXNativeTarget; buildConfigurationList = F4A8043BAFE3E67B605A2664; buildPhases = (5AC4000E378C36FAE3B5BD7B,41E354926FFDB0FB842923B5,DAB7151652C25D9B83C5FD83,); buildRules = (); dependencies = (); name = MaxInterviewCopilot; packageProductDependencies = (4562E1C9D1CD8E5772014881,); productReference = A172CEDCAE47474B615C54D5; productType = "com.apple.product-type.application"; };
C8E86909ACBB836E627EF659 = { isa = XCSwiftPackageProductDependency; package = BC4A71180870F7945155FBB0; productName = CopilotCore; };
2318FD21948FAD8861E796B1 = { isa = PBXBuildFile; productRef = C8E86909ACBB836E627EF659; };
34667A0B374DB2F8489259B4 = { isa = PBXSourcesBuildPhase; buildActionMask = 2147483647; files = (991CC621AC1460B93C263801,F4BE5D29B553F7A5CBFBB668,8FE65FA1AF2E47C1E98A54C3,FBE83C579C128859E4CF62FF,314247A983091E85D45E3768,72C7D7B30D14D0CB278C650B,828AC5C921AC48240E4635D6,073168AA1341FA95E9D47F5E,C3CB339C468949DE9CCEF993,078CF6F11F141A99B1D99139,CA67219E97E4BBAEAEF82143,DCADDA05D65C8F8F272E5F38,246FC6E4F59DD5E86111BE46,E1EBDC8BEEDD227CDD79F25E,D888962F4E572BB0E62A5B4C,163CA51F701D43B7E553F62A,E5148E444A2032161BE07267,BA7D54C5CA99DF8625F72C3A,); runOnlyForDeploymentPostprocessing = 0; };
A8422A2543322E1C813E9CDF = { isa = PBXFrameworksBuildPhase; buildActionMask = 2147483647; files = (2318FD21948FAD8861E796B1,); runOnlyForDeploymentPostprocessing = 0; };
22341BB87F410D35D057D37C = { isa = XCBuildConfiguration; buildSettings = { SWIFT_VERSION = 6.0; SWIFT_STRICT_CONCURRENCY = complete; SWIFT_TREAT_WARNINGS_AS_ERRORS = YES; MACOSX_DEPLOYMENT_TARGET = 15.0; SDKROOT = macosx; CODE_SIGN_STYLE = Manual; CODE_SIGN_IDENTITY = "-"; PRODUCT_NAME = "$(TARGET_NAME)"; ONLY_ACTIVE_ARCH = YES; SWIFT_OPTIMIZATION_LEVEL = "-Onone"; GENERATE_INFOPLIST_FILE = YES; PRODUCT_BUNDLE_IDENTIFIER = dev.maxmashevsky.MaxInterviewCopilot.tests;  }; name = Debug; };
A188B1844D481F2A55033242 = { isa = XCBuildConfiguration; buildSettings = { SWIFT_VERSION = 6.0; SWIFT_STRICT_CONCURRENCY = complete; SWIFT_TREAT_WARNINGS_AS_ERRORS = YES; MACOSX_DEPLOYMENT_TARGET = 15.0; SDKROOT = macosx; CODE_SIGN_STYLE = Manual; CODE_SIGN_IDENTITY = "-"; PRODUCT_NAME = "$(TARGET_NAME)"; SWIFT_OPTIMIZATION_LEVEL = "-O"; GENERATE_INFOPLIST_FILE = YES; PRODUCT_BUNDLE_IDENTIFIER = dev.maxmashevsky.MaxInterviewCopilot.tests;  }; name = Release; };
66347432B32AAA402CD1360D = { isa = XCConfigurationList; buildConfigurations = (22341BB87F410D35D057D37C,A188B1844D481F2A55033242,); defaultConfigurationIsVisible = 0; defaultConfigurationName = Release; };
ACB28B6C3D6BF546EC3A3CFC = { isa = PBXNativeTarget; buildConfigurationList = 66347432B32AAA402CD1360D; buildPhases = (34667A0B374DB2F8489259B4,A8422A2543322E1C813E9CDF,); buildRules = (); dependencies = (); name = CopilotCoreTests; packageProductDependencies = (C8E86909ACBB836E627EF659,); productReference = 9F86D081884C7D659A2FEAA0; productType = "com.apple.product-type.bundle.unit-test"; };
73EBF6644258C120893E685D = { isa = XCBuildConfiguration; buildSettings = { CLANG_ENABLE_MODULES = YES; }; name = Debug; };
0B0C687DF8B6B8DC790B519C = { isa = XCBuildConfiguration; buildSettings = { CLANG_ENABLE_MODULES = YES; }; name = Release; };
76F8DEC3DFE0BDB465198890 = { isa = XCConfigurationList; buildConfigurations = (73EBF6644258C120893E685D,0B0C687DF8B6B8DC790B519C,); defaultConfigurationIsVisible = 0; defaultConfigurationName = Release; };
244210E48437B6556980A702 = { isa = PBXProject; attributes = { LastUpgradeCheck = 1600; }; buildConfigurationList = 76F8DEC3DFE0BDB465198890; compatibilityVersion = "Xcode 14.0"; developmentRegion = ru; hasScannedForEncodings = 0; knownRegions = (ru,en,Base); mainGroup = AD936FCBED631FA67E05C3EA; packageReferences = (BC4A71180870F7945155FBB0,); productRefGroup = 0A3E27B8CA818264D75C8D81; projectDirPath = ""; projectRoot = ""; targets = (3B450990FC40F5239C6596BF,ACB28B6C3D6BF546EC3A3CFC,); };
}; rootObject = 244210E48437B6556980A702; }
